
Microsoft Visual Studio Solution File, Format Version 12.00
# Visual Studio Version 17
VisualStudioVersion = 17.2.32616.157
MinimumVisualStudioVersion = 10.0.40219.1
Project("{FAE04EC0-301F-11D3-BF4B-00C04F79EFBC}") = "WinFormsApp1", "WinFormsApp1\WinFormsApp1.csproj", "{226EC6C4-2425-435B-9551-78B9FFEB5D2E}"
EndProject
Global
	GlobalSection(SolutionConfigurationPlatforms) = preSolution
		Debug|Any CPU = Debug|Any CPU
		Release|Any CPU = Release|Any CPU
	EndGlobalSection
	GlobalSection(ProjectConfigurationPlatforms) = postSolution
		{226EC6C4-2425-435B-9551-78B9FFEB5D2E}.Debug|Any CPU.ActiveCfg = Debug|Any CPU
		{226EC6C4-2425-435B-9551-78B9FFEB5D2E}.Debug|Any CPU.Build.0 = Debug|Any CPU
		{226EC6C4-2425-435B-9551-78B9FFEB5D2E}.Release|Any CPU.ActiveCfg = Release|Any CPU
		{226EC6C4-2425-435B-9551-78B9FFEB5D2E}.Release|Any CPU.Build.0 = Release|Any CPU
	EndGlobalSection
	GlobalSection(SolutionProperties) = preSolution
		HideSolutionNode = FALSE
	EndGlobalSection
	GlobalSection(ExtensibilityGlobals) = postSolution
		SolutionGuid = {0CC6884C-218A-433A-B534-7D5D82BDB838}
	EndGlobalSection
EndGlobal
